
Microsoft Visual Studio Solution File, Format Version 12.00
# Visual Studio Version 17
VisualStudioVersion = 17.6.33829.357
MinimumVisualStudioVersion = 10.0.40219.1
Project("{FAE04EC0-301F-11D3-BF4B-00C04F79EFBC}") = "Prac06-03-Kg-Lbs", "Prac06-03-Kg-Lbs.csproj", "{A5B801E3-1172-4102-B720-5312DA488369}"
EndProject
Global
	GlobalSection(SolutionConfigurationPlatforms) = preSolution
		Debug|Any CPU = Debug|Any CPU
		Release|Any CPU = Release|Any CPU
	EndGlobalSection
	GlobalSection(ProjectConfigurationPlatforms) = postSolution
		{A5B801E3-1172-4102-B720-5312DA488369}.Debug|Any CPU.ActiveCfg = Debug|Any CPU
		{A5B801E3-1172-4102-B720-5312DA488369}.Debug|Any CPU.Build.0 = Debug|Any CPU
		{A5B801E3-1172-4102-B720-5312DA488369}.Release|Any CPU.ActiveCfg = Release|Any CPU
		{A5B801E3-1172-4102-B720-5312DA488369}.Release|Any CPU.Build.0 = Release|Any CPU
	EndGlobalSection
	GlobalSection(SolutionProperties) = preSolution
		HideSolutionNode = FALSE
	EndGlobalSection
	GlobalSection(ExtensibilityGlobals) = postSolution
		SolutionGuid = {4A9E18D2-C017-45CD-8210-145F6D31958B}
	EndGlobalSection
EndGlobal
